// !$*UTF8*$!
{
	archiveVersion = 1;
	classes = {
	};
	objectVersion = 46;
	objects = {

/* Begin PBXBuildFile section */
		5CB7DF03190F02B000707FF1 /* Foundation.framework in Frameworks */ = {isa = PBXBuildFile; fileRef = 5CB7DF02190F02B000707FF1 /* Foundation.framework */; };
		5CB7DF05190F02B000707FF1 /* CoreGraphics.framework in Frameworks */ = {isa = PBXBuildFile; fileRef = 5CB7DF04190F02B000707FF1 /* CoreGraphics.framework */; };
		5CB7DF07190F02B000707FF1 /* UIKit.framework in Frameworks */ = {isa = PBXBuildFile; fileRef = 5CB7DF06190F02B000707FF1 /* UIKit.framework */; };
		5CB7DF0D190F02B000707FF1 /* InfoPlist.strings in Resources */ = {isa = PBXBuildFile; fileRef = 5CB7DF0B190F02B000707FF1 /* InfoPlist.strings */; };
		5CB7DF0F190F02B000707FF1 /* main.m in Sources */ = {isa = PBXBuildFile; fileRef = 5CB7DF0E190F02B000707FF1 /* main.m */; };
		5CB7DF13190F02B000707FF1 /* MCAppDelegate.m in Sources */ = {isa = PBXBuildFile; fileRef = 5CB7DF12190F02B000707FF1 /* MCAppDelegate.m */; };
		5CB7DF16190F02B000707FF1 /* Main.storyboard in Resources */ = {isa = PBXBuildFile; fileRef = 5CB7DF14190F02B000707FF1 /* Main.storyboard */; };
		5CB7DF19190F02B000707FF1 /* MCViewController.m in Sources */ = {isa = PBXBuildFile; fileRef = 5CB7DF18190F02B000707FF1 /* MCViewController.m */; };
		5CB7DF1B190F02B000707FF1 /* Images.xcassets in Resources */ = {isa = PBXBuildFile; fileRef = 5CB7DF1A190F02B000707FF1 /* Images.xcassets */; };
		5CB7DF22190F02B000707FF1 /* XCTest.framework in Frameworks */ = {isa = PBXBuildFile; fileRef = 5CB7DF21190F02B000707FF1 /* XCTest.framework */; };
		5CB7DF23190F02B000707FF1 /* Foundation.framework in Frameworks */ = {isa = PBXBuildFile; fileRef = 5CB7DF02190F02B000707FF1 /* Foundation.framework */; };
		5CB7DF24190F02B000707FF1 /* UIKit.framework in Frameworks */ = {isa = PBXBuildFile; fileRef = 5CB7DF06190F02B000707FF1 /* UIKit.framework */; };
		5CB7DF2C190F02B000707FF1 /* InfoPlist.strings in Resources */ = {isa = PBXBuildFile; fileRef = 5CB7DF2A190F02B000707FF1 /* InfoPlist.strings */; };
		5CB7DF2E190F02B000707FF1 /* CocoaPodsDemoTests.m in Sources */ = {isa = PBXBuildFile; fileRef = 5CB7DF2D190F02B000707FF1 /* CocoaPodsDemoTests.m */; };
		5CB7DF38190F046A00707FF1 /* binoculars-telescope.jpg in Resources */ = {isa = PBXBuildFile; fileRef = 5CB7DF37190F046A00707FF1 /* binoculars-telescope.jpg */; };
		5CB7DF42190F19C600707FF1 /* libMBProgressHUD.a in Frameworks */ = {isa = PBXBuildFile; fileRef = 5CB7DF41190F198C00707FF1 /* libMBProgressHUD.a */; };
/* End PBXBuildFile section */

/* Begin PBXContainerItemProxy section */
		5CB7DF25190F02B000707FF1 /* PBXContainerItemProxy */ = {
			isa = PBXContainerItemProxy;
			containerPortal = 5CB7DEF7190F02B000707FF1 /* Project object */;
			proxyType = 1;
			remoteGlobalIDString = 5CB7DEFE190F02B000707FF1;
			remoteInfo = CocoaPodsDemo;
		};
		5CB7DF40190F198C00707FF1 /* PBXContainerItemProxy */ = {
			isa = PBXContainerItemProxy;
			containerPortal = 5CB7DF3C190F198C00707FF1 /* MBProgressHUD.xcodeproj */;
			proxyType = 2;
			remoteGlobalIDString = D286A7491518C70F00E13FB8;
			remoteInfo = MBProgressHUD;
		};
		5CB7DF43190F19DC00707FF1 /* PBXContainerItemProxy */ = {
			isa = PBXContainerItemProxy;
			containerPortal = 5CB7DF3C190F198C00707FF1 /* MBProgressHUD.xcodeproj */;
			proxyType = 1;
			remoteGlobalIDString = D286A7481518C70F00E13FB8;
			remoteInfo = MBProgressHUD;
		};
/* End PBXContainerItemProxy section */

/* Begin PBXFileReference section */
		5CB7DEFF190F02B000707FF1 /* CocoaPodsDemo.app */ = {isa = PBXFileReference; explicitFileType = wrapper.application; includeInIndex = 0; path = CocoaPodsDemo.app; sourceTree = BUILT_PRODUCTS_DIR; };
		5CB7DF02190F02B000707FF1 /* Foundation.framework */ = {isa = PBXFileReference; lastKnownFileType = wrapper.framework; name = Foundation.framework; path = System/Library/Frameworks/Foundation.framework; sourceTree = SDKROOT; };
		5CB7DF04190F02B000707FF1 /* CoreGraphics.framework */ = {isa = PBXFileReference; lastKnownFileType = wrapper.framework; name = CoreGraphics.framework; path = System/Library/Frameworks/CoreGraphics.framework; sourceTree = SDKROOT; };
		5CB7DF06190F02B000707FF1 /* UIKit.framework */ = {isa = PBXFileReference; lastKnownFileType = wrapper.framework; name = UIKit.framework; path = System/Library/Frameworks/UIKit.framework; sourceTree = SDKROOT; };
		5CB7DF0A190F02B000707FF1 /* CocoaPodsDemo-Info.plist */ = {isa = PBXFileReference; lastKnownFileType = text.plist.xml; path = "CocoaPodsDemo-Info.plist"; sourceTree = "<group>"; };
		5CB7DF0C190F02B000707FF1 /* en */ = {isa = PBXFileReference; lastKnownFileType = text.plist.strings; name = en; path = en.lproj/InfoPlist.strings; sourceTree = "<group>"; };
		5CB7DF0E190F02B000707FF1 /* main.m */ = {isa = PBXFileReference; lastKnownFileType = sourcecode.c.objc; path = main.m; sourceTree = "<group>"; };
		5CB7DF10190F02B000707FF1 /* CocoaPodsDemo-Prefix.pch */ = {isa = PBXFileReference; lastKnownFileType = sourcecode.c.h; path = "CocoaPodsDemo-Prefix.pch"; sourceTree = "<group>"; };
		5CB7DF11190F02B000707FF1 /* MCAppDelegate.h */ = {isa = PBXFileReference; lastKnownFileType = sourcecode.c.h; path = MCAppDelegate.h; sourceTree = "<group>"; };
		5CB7DF12190F02B000707FF1 /* MCAppDelegate.m */ = {isa = PBXFileReference; lastKnownFileType = sourcecode.c.objc; path = MCAppDelegate.m; sourceTree = "<group>"; };
		5CB7DF15190F02B000707FF1 /* Base */ = {isa = PBXFileReference; lastKnownFileType = file.storyboard; name = Base; path = Base.lproj/Main.storyboard; sourceTree = "<group>"; };
		5CB7DF17190F02B000707FF1 /* MCViewController.h */ = {isa = PBXFileReference; lastKnownFileType = sourcecode.c.h; path = MCViewController.h; sourceTree = "<group>"; };
		5CB7DF18190F02B000707FF1 /* MCViewController.m */ = {isa = PBXFileReference; lastKnownFileType = sourcecode.c.objc; path = MCViewController.m; sourceTree = "<group>"; };
		5CB7DF1A190F02B000707FF1 /* Images.xcassets */ = {isa = PBXFileReference; lastKnownFileType = folder.assetcatalog; path = Images.xcassets; sourceTree = "<group>"; };
		5CB7DF20190F02B000707FF1 /* CocoaPodsDemoTests.xctest */ = {isa = PBXFileReference; explicitFileType = wrapper.cfbundle; includeInIndex = 0; path = CocoaPodsDemoTests.xctest; sourceTree = BUILT_PRODUCTS_DIR; };
		5CB7DF21190F02B000707FF1 /* XCTest.framework */ = {isa = PBXFileReference; lastKnownFileType = wrapper.framework; name = XCTest.framework; path = Library/Frameworks/XCTest.framework; sourceTree = DEVELOPER_DIR; };
		5CB7DF29190F02B000707FF1 /* CocoaPodsDemoTests-Info.plist */ = {isa = PBXFileReference; lastKnownFileType = text.plist.xml; path = "CocoaPodsDemoTests-Info.plist"; sourceTree = "<group>"; };
		5CB7DF2B190F02B000707FF1 /* en */ = {isa = PBXFileReference; lastKnownFileType = text.plist.strings; name = en; path = en.lproj/InfoPlist.strings; sourceTree = "<group>"; };
		5CB7DF2D190F02B000707FF1 /* CocoaPodsDemoTests.m */ = {isa = PBXFileReference; lastKnownFileType = sourcecode.c.objc; path = CocoaPodsDemoTests.m; sourceTree = "<group>"; };
		5CB7DF37190F046A00707FF1 /* binoculars-telescope.jpg */ = {isa = PBXFileReference; lastKnownFileType = image.jpeg; path = "binoculars-telescope.jpg"; sourceTree = "<group>"; };
		5CB7DF3C190F198C00707FF1 /* MBProgressHUD.xcodeproj */ = {isa = PBXFileReference; lastKnownFileType = "wrapper.pb-project"; name = MBProgressHUD.xcodeproj; path = ../external/MBProgressHUD/MBProgressHUD.xcodeproj; sourceTree = "<group>"; };
/* End PBXFileReference section */

/* Begin PBXFrameworksBuildPhase section */
		5CB7DEFC190F02B000707FF1 /* Frameworks */ = {
			isa = PBXFrameworksBuildPhase;
			buildActionMask = 2147483647;
			files = (
				5CB7DF42190F19C600707FF1 /* libMBProgressHUD.a in Frameworks */,
				5CB7DF05190F02B000707FF1 /* CoreGraphics.framework in Frameworks */,
				5CB7DF07190F02B000707FF1 /* UIKit.framework in Frameworks */,
				5CB7DF03190F02B000707FF1 /* Foundation.framework in Frameworks */,
			);
			runOnlyForDeploymentPostprocessing = 0;
		};
		5CB7DF1D190F02B000707FF1 /* Frameworks */ = {
			isa = PBXFrameworksBuildPhase;
			buildActionMask = 2147483647;
			files = (
				5CB7DF22190F02B000707FF1 /* XCTest.framework in Frameworks */,
				5CB7DF24190F02B000707FF1 /* UIKit.framework in Frameworks */,
				5CB7DF23190F02B000707FF1 /* Foundation.framework in Frameworks */,
			);
			runOnlyForDeploymentPostprocessing = 0;
		};
/* End PBXFrameworksBuildPhase section */

/* Begin PBXGroup section */
		5CB7DEF6190F02B000707FF1 = {
			isa = PBXGroup;
			children = (
				5CB7DF3C190F198C00707FF1 /* MBProgressHUD.xcodeproj */,
				5CB7DF08190F02B000707FF1 /* CocoaPodsDemo */,
				5CB7DF27190F02B000707FF1 /* CocoaPodsDemoTests */,
				5CB7DF01190F02B000707FF1 /* Frameworks */,
				5CB7DF00190F02B000707FF1 /* Products */,
			);
			sourceTree = "<group>";
		};
		5CB7DF00190F02B000707FF1 /* Products */ = {
			isa = PBXGroup;
			children = (
				5CB7DEFF190F02B000707FF1 /* CocoaPodsDemo.app */,
				5CB7DF20190F02B000707FF1 /* CocoaPodsDemoTests.xctest */,
			);
			name = Products;
			sourceTree = "<group>";
		};
		5CB7DF01190F02B000707FF1 /* Frameworks */ = {
			isa = PBXGroup;
			children = (
				5CB7DF02190F02B000707FF1 /* Foundation.framework */,
				5CB7DF04190F02B000707FF1 /* CoreGraphics.framework */,
				5CB7DF06190F02B000707FF1 /* UIKit.framework */,
				5CB7DF21190F02B000707FF1 /* XCTest.framework */,
			);
			name = Frameworks;
			sourceTree = "<group>";
		};
		5CB7DF08190F02B000707FF1 /* CocoaPodsDemo */ = {
			isa = PBXGroup;
			children = (
				5CB7DF11190F02B000707FF1 /* MCAppDelegate.h */,
				5CB7DF12190F02B000707FF1 /* MCAppDelegate.m */,
				5CB7DF14190F02B000707FF1 /* Main.storyboard */,
				5CB7DF17190F02B000707FF1 /* MCViewController.h */,
				5CB7DF18190F02B000707FF1 /* MCViewController.m */,
				5CB7DF1A190F02B000707FF1 /* Images.xcassets */,
				5CB7DF09190F02B000707FF1 /* Supporting Files */,
			);
			path = CocoaPodsDemo;
			sourceTree = "<group>";
		};
		5CB7DF09190F02B000707FF1 /* Supporting Files */ = {
			isa = PBXGroup;
			children = (
				5CB7DF37190F046A00707FF1 /* binoculars-telescope.jpg */,
				5CB7DF0A190F02B000707FF1 /* CocoaPodsDemo-Info.plist */,
				5CB7DF0B190F02B000707FF1 /* InfoPlist.strings */,
				5CB7DF0E190F02B000707FF1 /* main.m */,
				5CB7DF10190F02B000707FF1 /* CocoaPodsDemo-Prefix.pch */,
			);
			name = "Supporting Files";
			sourceTree = "<group>";
		};
		5CB7DF27190F02B000707FF1 /* CocoaPodsDemoTests */ = {
			isa = PBXGroup;
			children = (
				5CB7DF2D190F02B000707FF1 /* CocoaPodsDemoTests.m */,
				5CB7DF28190F02B000707FF1 /* Supporting Files */,
			);
			path = CocoaPodsDemoTests;
			sourceTree = "<group>";
		};
		5CB7DF28190F02B000707FF1 /* Supporting Files */ = {
			isa = PBXGroup;
			children = (
				5CB7DF29190F02B000707FF1 /* CocoaPodsDemoTests-Info.plist */,
				5CB7DF2A190F02B000707FF1 /* InfoPlist.strings */,
			);
			name = "Supporting Files";
			sourceTree = "<group>";
		};
		5CB7DF3D190F198C00707FF1 /* Products */ = {
			isa = PBXGroup;
			children = (
				5CB7DF41190F198C00707FF1 /* libMBProgressHUD.a */,
			);
			name = Products;
			sourceTree = "<group>";
		};
/* End PBXGroup section */

/* Begin PBXNativeTarget section */
		5CB7DEFE190F02B000707FF1 /* CocoaPodsDemo */ = {
			isa = PBXNativeTarget;
			buildConfigurationList = 5CB7DF31190F02B000707FF1 /* Build configuration list for PBXNativeTarget "CocoaPodsDemo" */;
			buildPhases = (
				5CB7DEFB190F02B000707FF1 /* Sources */,
				5CB7DEFC190F02B000707FF1 /* Frameworks */,
				5CB7DEFD190F02B000707FF1 /* Resources */,
			);
			buildRules = (
			);
			dependencies = (
				5CB7DF44190F19DC00707FF1 /* PBXTargetDependency */,
			);
			name = CocoaPodsDemo;
			productName = CocoaPodsDemo;
			productReference = 5CB7DEFF190F02B000707FF1 /* CocoaPodsDemo.app */;
			productType = "com.apple.product-type.application";
		};
		5CB7DF1F190F02B000707FF1 /* CocoaPodsDemoTests */ = {
			isa = PBXNativeTarget;
			buildConfigurationList = 5CB7DF34190F02B000707FF1 /* Build configuration list for PBXNativeTarget "CocoaPodsDemoTests" */;
			buildPhases = (
				5CB7DF1C190F02B000707FF1 /* Sources */,
				5CB7DF1D190F02B000707FF1 /* Frameworks */,
				5CB7DF1E190F02B000707FF1 /* Resources */,
			);
			buildRules = (
			);
			dependencies = (
				5CB7DF26190F02B000707FF1 /* PBXTargetDependency */,
			);
			name = CocoaPodsDemoTests;
			productName = CocoaPodsDemoTests;
			productReference = 5CB7DF20190F02B000707FF1 /* CocoaPodsDemoTests.xctest */;
			productType = "com.apple.product-type.bundle.unit-test";
		};
/* End PBXNativeTarget section */

/* Begin PBXProject section */
		5CB7DEF7190F02B000707FF1 /* Project object */ = {
			isa = PBXProject;
			attributes = {
				CLASSPREFIX = MC;
				LastUpgradeCheck = 0510;
				ORGANIZATIONNAME = "Michael Campbell";
				TargetAttributes = {
					5CB7DF1F190F02B000707FF1 = {
						TestTargetID = 5CB7DEFE190F02B000707FF1;
					};
				};
			};
			buildConfigurationList = 5CB7DEFA190F02B000707FF1 /* Build configuration list for PBXProject "CocoaPodsDemo" */;
			compatibilityVersion = "Xcode 3.2";
			developmentRegion = English;
			hasScannedForEncodings = 0;
			knownRegions = (
				en,
				Base,
			);
			mainGroup = 5CB7DEF6190F02B000707FF1;
			productRefGroup = 5CB7DF00190F02B000707FF1 /* Products */;
			projectDirPath = "";
			projectReferences = (
				{
					ProductGroup = 5CB7DF3D190F198C00707FF1 /* Products */;
					ProjectRef = 5CB7DF3C190F198C00707FF1 /* MBProgressHUD.xcodeproj */;
				},
			);
			projectRoot = "";
			targets = (
				5CB7DEFE190F02B000707FF1 /* CocoaPodsDemo */,
				5CB7DF1F190F02B000707FF1 /* CocoaPodsDemoTests */,
			);
		};
/* End PBXProject section */

/* Begin PBXReferenceProxy section */
		5CB7DF41190F198C00707FF1 /* libMBProgressHUD.a */ = {
			isa = PBXReferenceProxy;
			fileType = archive.ar;
			path = libMBProgressHUD.a;
			remoteRef = 5CB7DF40190F198C00707FF1 /* PBXContainerItemProxy */;
			sourceTree = BUILT_PRODUCTS_DIR;
		};
/* End PBXReferenceProxy section */

/* Begin PBXResourcesBuildPhase section */
		5CB7DEFD190F02B000707FF1 /* Resources */ = {
			isa = PBXResourcesBuildPhase;
			buildActionMask = 2147483647;
			files = (
				5CB7DF1B190F02B000707FF1 /* Images.xcassets in Resources */,
				5CB7DF0D190F02B000707FF1 /* InfoPlist.strings in Resources */,
				5CB7DF38190F046A00707FF1 /* binoculars-telescope.jpg in Resources */,
				5CB7DF16190F02B000707FF1 /* Main.storyboard in Resources */,
			);
			runOnlyForDeploymentPostprocessing = 0;
		};
		5CB7DF1E190F02B000707FF1 /* Resources */ = {
			isa = PBXResourcesBuildPhase;
			buildActionMask = 2147483647;
			files = (
				5CB7DF2C190F02B000707FF1 /* InfoPlist.strings in Resources */,
			);
			runOnlyForDeploymentPostprocessing = 0;
		};
/* End PBXResourcesBuildPhase section */

/* Begin PBXSourcesBuildPhase section */
		5CB7DEFB190F02B000707FF1 /* Sources */ = {
			isa = PBXSourcesBuildPhase;
			buildActionMask = 2147483647;
			files = (
				5CB7DF13190F02B000707FF1 /* MCAppDelegate.m in Sources */,
				5CB7DF19190F02B000707FF1 /* MCViewController.m in Sources */,
				5CB7DF0F190F02B000707FF1 /* main.m in Sources */,
			);
			runOnlyForDeploymentPostprocessing = 0;
		};
		5CB7DF1C190F02B000707FF1 /* Sources */ = {
			isa = PBXSourcesBuildPhase;
			buildActionMask = 2147483647;
			files = (
				5CB7DF2E190F02B000707FF1 /* CocoaPodsDemoTests.m in Sources */,
			);
			runOnlyForDeploymentPostprocessing = 0;
		};
/* End PBXSourcesBuildPhase section */

/* Begin PBXTargetDependency section */
		5CB7DF26190F02B000707FF1 /* PBXTargetDependency */ = {
			isa = PBXTargetDependency;
			target = 5CB7DEFE190F02B000707FF1 /* CocoaPodsDemo */;
			targetProxy = 5CB7DF25190F02B000707FF1 /* PBXContainerItemProxy */;
		};
		5CB7DF44190F19DC00707FF1 /* PBXTargetDependency */ = {
			isa = PBXTargetDependency;
			name = MBProgressHUD;
			targetProxy = 5CB7DF43190F19DC00707FF1 /* PBXContainerItemProxy */;
		};
/* End PBXTargetDependency section */

/* Begin PBXVariantGroup section */
		5CB7DF0B190F02B000707FF1 /* InfoPlist.strings */ = {
			isa = PBXVariantGroup;
			children = (
				5CB7DF0C190F02B000707FF1 /* en */,
			);
			name = InfoPlist.strings;
			sourceTree = "<group>";
		};
		5CB7DF14190F02B000707FF1 /* Main.storyboard */ = {
			isa = PBXVariantGroup;
			children = (
				5CB7DF15190F02B000707FF1 /* Base */,
			);
			name = Main.storyboard;
			sourceTree = "<group>";
		};
		5CB7DF2A190F02B000707FF1 /* InfoPlist.strings */ = {
			isa = PBXVariantGroup;
			children = (
				5CB7DF2B190F02B000707FF1 /* en */,
			);
			name = InfoPlist.strings;
			sourceTree = "<group>";
		};
/* End PBXVariantGroup section */

/* Begin XCBuildConfiguration section */
		5CB7DF2F190F02B000707FF1 /* Debug */ = {
			isa = XCBuildConfiguration;
			buildSettings = {
				ALWAYS_SEARCH_USER_PATHS = NO;
				CLANG_CXX_LANGUAGE_STANDARD = "gnu++0x";
				CLANG_CXX_LIBRARY = "libc++";
				CLANG_ENABLE_MODULES = YES;
				CLANG_ENABLE_OBJC_ARC = YES;
				CLANG_WARN_BOOL_CONVERSION = YES;
				CLANG_WARN_CONSTANT_CONVERSION = YES;
				CLANG_WARN_DIRECT_OBJC_ISA_USAGE = YES_ERROR;
				CLANG_WARN_EMPTY_BODY = YES;
				CLANG_WARN_ENUM_CONVERSION = YES;
				CLANG_WARN_INT_CONVERSION = YES;
				CLANG_WARN_OBJC_ROOT_CLASS = YES_ERROR;
				CLANG_WARN__DUPLICATE_METHOD_MATCH = YES;
				"CODE_SIGN_IDENTITY[sdk=iphoneos*]" = "iPhone Developer";
				COPY_PHASE_STRIP = NO;
				GCC_C_LANGUAGE_STANDARD = gnu99;
				GCC_DYNAMIC_NO_PIC = NO;
				GCC_OPTIMIZATION_LEVEL = 0;
				GCC_PREPROCESSOR_DEFINITIONS = (
					"DEBUG=1",
					"$(inherited)",
				);
				GCC_SYMBOLS_PRIVATE_EXTERN = NO;
				GCC_WARN_64_TO_32_BIT_CONVERSION = YES;
				GCC_WARN_ABOUT_RETURN_TYPE = YES_ERROR;
				GCC_WARN_UNDECLARED_SELECTOR = YES;
				GCC_WARN_UNINITIALIZED_AUTOS = YES_AGGRESSIVE;
				GCC_WARN_UNUSED_FUNCTION = YES;
				GCC_WARN_UNUSED_VARIABLE = YES;
				IPHONEOS_DEPLOYMENT_TARGET = 7.1;
				ONLY_ACTIVE_ARCH = YES;
				SDKROOT = iphoneos;
			};
			name = Debug;
		};
		5CB7DF30190F02B000707FF1 /* Release */ = {
			isa = XCBuildConfiguration;
			buildSettings = {
				ALWAYS_SEARCH_USER_PATHS = NO;
				CLANG_CXX_LANGUAGE_STANDARD = "gnu++0x";
				CLANG_CXX_LIBRARY = "libc++";
				CLANG_ENABLE_MODULES = YES;
				CLANG_ENABLE_OBJC_ARC = YES;
				CLANG_WARN_BOOL_CONVERSION = YES;
				CLANG_WARN_CONSTANT_CONVERSION = YES;
				CLANG_WARN_DIRECT_OBJC_ISA_USAGE = YES_ERROR;
				CLANG_WARN_EMPTY_BODY = YES;
				CLANG_WARN_ENUM_CONVERSION = YES;
				CLANG_WARN_INT_CONVERSION = YES;
				CLANG_WARN_OBJC_ROOT_CLASS = YES_ERROR;
				CLANG_WARN__DUPLICATE_METHOD_MATCH = YES;
				"CODE_SIGN_IDENTITY[sdk=iphoneos*]" = "iPhone Developer";
				COPY_PHASE_STRIP = YES;
				ENABLE_NS_ASSERTIONS = NO;
				GCC_C_LANGUAGE_STANDARD = gnu99;
				GCC_WARN_64_TO_32_BIT_CONVERSION = YES;
				GCC_WARN_ABOUT_RETURN_TYPE = YES_ERROR;
				GCC_WARN_UNDECLARED_SELECTOR = YES;
				GCC_WARN_UNINITIALIZED_AUTOS = YES_AGGRESSIVE;
				GCC_WARN_UNUSED_FUNCTION = YES;
				GCC_WARN_UNUSED_VARIABLE = YES;
				IPHONEOS_DEPLOYMENT_TARGET = 7.1;
				SDKROOT = iphoneos;
				VALIDATE_PRODUCT = YES;
			};
			name = Release;
		};
		5CB7DF32190F02B000707FF1 /* Debug */ = {
			isa = XCBuildConfiguration;
			buildSettings = {
				ASSETCATALOG_COMPILER_APPICON_NAME = AppIcon;
				ASSETCATALOG_COMPILER_LAUNCHIMAGE_NAME = LaunchImage;
				GCC_PRECOMPILE_PREFIX_HEADER = YES;
				GCC_PREFIX_HEADER = "CocoaPodsDemo/CocoaPodsDemo-Prefix.pch";
				INFOPLIST_FILE = "CocoaPodsDemo/CocoaPodsDemo-Info.plist";
				PRODUCT_NAME = "$(TARGET_NAME)";
				WRAPPER_EXTENSION = app;
			};
			name = Debug;
		};
		5CB7DF33190F02B000707FF1 /* Release */ = {
			isa = XCBuildConfiguration;
			buildSettings = {
				ASSETCATALOG_COMPILER_APPICON_NAME = AppIcon;
				ASSETCATALOG_COMPILER_LAUNCHIMAGE_NAME = LaunchImage;
				GCC_PRECOMPILE_PREFIX_HEADER = YES;
				GCC_PREFIX_HEADER = "CocoaPodsDemo/CocoaPodsDemo-Prefix.pch";
				INFOPLIST_FILE = "CocoaPodsDemo/CocoaPodsDemo-Info.plist";
				PRODUCT_NAME = "$(TARGET_NAME)";
				WRAPPER_EXTENSION = app;
			};
			name = Release;
		};
		5CB7DF35190F02B000707FF1 /* Debug */ = {
			isa = XCBuildConfiguration;
			buildSettings = {
				BUNDLE_LOADER = "$(BUILT_PRODUCTS_DIR)/CocoaPodsDemo.app/CocoaPodsDemo";
				FRAMEWORK_SEARCH_PATHS = (
					"$(SDKROOT)/Developer/Library/Frameworks",
					"$(inherited)",
					"$(DEVELOPER_FRAMEWORKS_DIR)",
				);
				GCC_PRECOMPILE_PREFIX_HEADER = YES;
				GCC_PREFIX_HEADER = "CocoaPodsDemo/CocoaPodsDemo-Prefix.pch";
				GCC_PREPROCESSOR_DEFINITIONS = (
					"DEBUG=1",
					"$(inherited)",
				);
				INFOPLIST_FILE = "CocoaPodsDemoTests/CocoaPodsDemoTests-Info.plist";
				PRODUCT_NAME = "$(TARGET_NAME)";
				TEST_HOST = "$(BUNDLE_LOADER)";
				WRAPPER_EXTENSION = xctest;
			};
			name = Debug;
		};
		5CB7DF36190F02B000707FF1 /* Release */ = {
			isa = XCBuildConfiguration;
			buildSettings = {
				BUNDLE_LOADER = "$(BUILT_PRODUCTS_DIR)/CocoaPodsDemo.app/CocoaPodsDemo";
				FRAMEWORK_SEARCH_PATHS = (
					"$(SDKROOT)/Developer/Library/Frameworks",
					"$(inherited)",
					"$(DEVELOPER_FRAMEWORKS_DIR)",
				);
				GCC_PRECOMPILE_PREFIX_HEADER = YES;
				GCC_PREFIX_HEADER = "CocoaPodsDemo/CocoaPodsDemo-Prefix.pch";
				INFOPLIST_FILE = "CocoaPodsDemoTests/CocoaPodsDemoTests-Info.plist";
				PRODUCT_NAME = "$(TARGET_NAME)";
				TEST_HOST = "$(BUNDLE_LOADER)";
				WRAPPER_EXTENSION = xctest;
			};
			name = Release;
		};
/* End XCBuildConfiguration section */

/* Begin XCConfigurationList section */
		5CB7DEFA190F02B000707FF1 /* Build configuration list for PBXProject "CocoaPodsDemo" */ = {
			isa = XCConfigurationList;
			buildConfigurations = (
				5CB7DF2F190F02B000707FF1 /* Debug */,
				5CB7DF30190F02B000707FF1 /* Release */,
			);
			defaultConfigurationIsVisible = 0;
			defaultConfigurationName = Release;
		};
		5CB7DF31190F02B000707FF1 /* Build configuration list for PBXNativeTarget "CocoaPodsDemo" */ = {
			isa = XCConfigurationList;
			buildConfigurations = (
				5CB7DF32190F02B000707FF1 /* Debug */,
				5CB7DF33190F02B000707FF1 /* Release */,
			);
			defaultConfigurationIsVisible = 0;
			defaultConfigurationName = Release;
		};
		5CB7DF34190F02B000707FF1 /* Build configuration list for PBXNativeTarget "CocoaPodsDemoTests" */ = {
			isa = XCConfigurationList;
			buildConfigurations = (
				5CB7DF35190F02B000707FF1 /* Debug */,
				5CB7DF36190F02B000707FF1 /* Release */,
			);
			defaultConfigurationIsVisible = 0;
			defaultConfigurationName = Release;
		};
/* End XCConfigurationList section */
	};
	rootObject = 5CB7DEF7190F02B000707FF1 /* Project object */;
}
